
Microsoft Visual Studio Solution File, Format Version 12.00
# Visual Studio 15
Project("{FAE04EC0-301F-11D3-BF4B-00C04F79EFBC}") = "Assembly-CSharp", "Assembly-CSharp.csproj", "{17D75351-8D45-B5CD-0206-0EA55DBA140C}"
EndProject
Project("{FAE04EC0-301F-11D3-BF4B-00C04F79EFBC}") = "Assembly-CSharp-firstpass", "Assembly-CSharp-firstpass.csproj", "{593FF500-33A7-2332-13D8-DD16DAEC8886}"
EndProject
Project("{FAE04EC0-301F-11D3-BF4B-00C04F79EFBC}") = "Assembly-CSharp-Editor-firstpass", "Assembly-CSharp-Editor-firstpass.csproj", "{A7487B1B-1C9F-2B09-9F37-34C7FEC63A12}"
EndProject
Project("{FAE04EC0-301F-11D3-BF4B-00C04F79EFBC}") = "Assembly-CSharp-Editor", "Assembly-CSharp-Editor.csproj", "{0DB9A839-F0AB-7816-9876-708A2674F56D}"
EndProject
Global
	GlobalSection(SolutionConfigurationPlatforms) = preSolution
		Debug|Any CPU = Debug|Any CPU
		Release|Any CPU = Release|Any CPU
	EndGlobalSection
	GlobalSection(ProjectConfigurationPlatforms) = postSolution
		{17D75351-8D45-B5CD-0206-0EA55DBA140C}.Debug|Any CPU.ActiveCfg = Debug|Any CPU
		{17D75351-8D45-B5CD-0206-0EA55DBA140C}.Debug|Any CPU.Build.0 = Debug|Any CPU
		{17D75351-8D45-B5CD-0206-0EA55DBA140C}.Release|Any CPU.ActiveCfg = Release|Any CPU
		{17D75351-8D45-B5CD-0206-0EA55DBA140C}.Release|Any CPU.Build.0 = Release|Any CPU
		{593FF500-33A7-2332-13D8-DD16DAEC8886}.Debug|Any CPU.ActiveCfg = Debug|Any CPU
		{593FF500-33A7-2332-13D8-DD16DAEC8886}.Debug|Any CPU.Build.0 = Debug|Any CPU
		{593FF500-33A7-2332-13D8-DD16DAEC8886}.Release|Any CPU.ActiveCfg = Release|Any CPU
		{593FF500-33A7-2332-13D8-DD16DAEC8886}.Release|Any CPU.Build.0 = Release|Any CPU
		{A7487B1B-1C9F-2B09-9F37-34C7FEC63A12}.Debug|Any CPU.ActiveCfg = Debug|Any CPU
		{A7487B1B-1C9F-2B09-9F37-34C7FEC63A12}.Debug|Any CPU.Build.0 = Debug|Any CPU
		{A7487B1B-1C9F-2B09-9F37-34C7FEC63A12}.Release|Any CPU.ActiveCfg = Release|Any CPU
		{A7487B1B-1C9F-2B09-9F37-34C7FEC63A12}.Release|Any CPU.Build.0 = Release|Any CPU
		{0DB9A839-F0AB-7816-9876-708A2674F56D}.Debug|Any CPU.ActiveCfg = Debug|Any CPU
		{0DB9A839-F0AB-7816-9876-708A2674F56D}.Debug|Any CPU.Build.0 = Debug|Any CPU
		{0DB9A839-F0AB-7816-9876-708A2674F56D}.Release|Any CPU.ActiveCfg = Release|Any CPU
		{0DB9A839-F0AB-7816-9876-708A2674F56D}.Release|Any CPU.Build.0 = Release|Any CPU
	EndGlobalSection
	GlobalSection(SolutionProperties) = preSolution
		HideSolutionNode = FALSE
	EndGlobalSection
EndGlobal
